{
  "name": "my-team-profile-generator",
  "version": "1.0.0",
  "lockfileVersion": 2,
  "requires": true,
  "packages": {
    "": {
      "name": "my-team-profile-generator",
      "version": "1.0.0",
      "license": "ISC",
      "dependencies": {
        "inquire": "^0.4.8"
      }
    },
    "node_modules/inquire": {
      "version": "0.4.8",
      "resolved": "https://registry.npmjs.org/inquire/-/inquire-0.4.8.tgz",
      "integrity": "sha1-1E/tVNkWxDHKqybcxII3LtZ8TuI=",
      "engines": {
        "node": ">=0.8.22"
      }
    }
  },
  "dependencies": {
    "inquire": {
      "version": "0.4.8",
      "resolved": "https://registry.npmjs.org/inquire/-/inquire-0.4.8.tgz",
      "integrity": "sha1-1E/tVNkWxDHKqybcxII3LtZ8TuI="
    }
  }
}
